# generated by rye
# use `rye lock` or `rye sync` to update this lockfile
#
# last locked with the following flags:
#   pre: false
#   features: []
#   all-features: false
#   with-sources: false
#   generate-hashes: false
#   universal: true

-e file:rustc_demangle_py
certifi==2024.7.4
    # via requests
charset-normalizer==3.3.2
    # via requests
idna==3.7
    # via requests
pycryptodomex==3.20.0
    # via pyzipper
pyzipper==0.3.6
requests==2.32.3
urllib3==2.2.2
    # via requests
